{
    "version": 3,
    "terraform_version": "0.7.4",
    "serial": 13,
    "lineage": "98aa79a2-de9f-4d0c-972c-1af13faf2cd3",
    "modules": [
        {
            "path": [
                "root"
            ],
            "outputs": {},
            "resources": {
                "kubernetes_deployment.default-http-backend": {
                    "type": "kubernetes_deployment",
                    "depends_on": [
                        "kubernetes_namespace.monitoring"
                    ],
                    "primary": {
                        "id": "04fcc870-fdc7-11e6-abe8-12ad4957e262",
                        "attributes": {
                            "id": "04fcc870-fdc7-11e6-abe8-12ad4957e262",
                            "labels.%": "1",
                            "labels.k8s-app": "default-http-backend",
                            "name": "default-http-backend",
                            "namespace": "monitoring",
                            "spec": "{\"replicas\":1,\"selector\":{\"matchLabels\":{\"k8s-app\":\"nginx-ingress-controller\"}},\"template\":{\"metadata\":{\"creationTimestamp\":null,\"labels\":{\"k8s-app\":\"nginx-ingress-controller\"}},\"spec\":{\"containers\":[{\"name\":\"nginx-ingress-controller\",\"image\":\"gcr.io/google_containers/nginx-ingress-controller:0.9.0-beta.1\",\"args\":[\"/nginx-ingress-controller\",\"--default-backend-service=$(POD_NAMESPACE)/default-http-backend\"],\"ports\":[{\"hostPort\":80,\"containerPort\":80,\"protocol\":\"TCP\"},{\"hostPort\":443,\"containerPort\":443,\"protocol\":\"TCP\"}],\"env\":[{\"name\":\"POD_NAME\",\"valueFrom\":{\"fieldRef\":{\"apiVersion\":\"v1\",\"fieldPath\":\"metadata.name\"}}},{\"name\":\"POD_NAMESPACE\",\"valueFrom\":{\"fieldRef\":{\"apiVersion\":\"v1\",\"fieldPath\":\"metadata.namespace\"}}}],\"resources\":{},\"livenessProbe\":{\"httpGet\":{\"path\":\"/healthz\",\"port\":10254,\"scheme\":\"HTTP\"},\"initialDelaySeconds\":10,\"timeoutSeconds\":1,\"periodSeconds\":10,\"successThreshold\":1,\"failureThreshold\":3},\"readinessProbe\":{\"httpGet\":{\"path\":\"/healthz\",\"port\":10254,\"scheme\":\"HTTP\"},\"timeoutSeconds\":1,\"periodSeconds\":10,\"successThreshold\":1,\"failureThreshold\":3},\"terminationMessagePath\":\"/dev/termination-log\",\"imagePullPolicy\":\"IfNotPresent\"}],\"restartPolicy\":\"Always\",\"terminationGracePeriodSeconds\":60,\"dnsPolicy\":\"ClusterFirst\",\"securityContext\":{}}},\"strategy\":{\"type\":\"RollingUpdate\",\"rollingUpdate\":{\"maxUnavailable\":1,\"maxSurge\":1}}}"
                        },
                        "meta": {},
                        "tainted": false
                    },
                    "deposed": [],
                    "provider": ""
                },
                "kubernetes_deployment.grafana": {
                    "type": "kubernetes_deployment",
                    "depends_on": [
                        "kubernetes_namespace.monitoring"
                    ],
                    "primary": {
                        "id": "04f2a310-fdc7-11e6-abe8-12ad4957e262",
                        "attributes": {
                            "id": "04f2a310-fdc7-11e6-abe8-12ad4957e262",
                            "labels.%": "1",
                            "labels.app": "grafana",
                            "name": "grafana",
                            "namespace": "monitoring",
                            "spec": "{\"replicas\":1,\"selector\":{\"matchLabels\":{\"app\":\"grafana\"}},\"template\":{\"metadata\":{\"creationTimestamp\":null,\"labels\":{\"app\":\"grafana\"}},\"spec\":{\"containers\":[{\"name\":\"grafana\",\"image\":\"grafana/grafana\",\"ports\":[{\"containerPort\":3000,\"protocol\":\"TCP\"}],\"resources\":{},\"terminationMessagePath\":\"/dev/termination-log\",\"imagePullPolicy\":\"Always\"}],\"restartPolicy\":\"Always\",\"terminationGracePeriodSeconds\":30,\"dnsPolicy\":\"ClusterFirst\",\"securityContext\":{}}},\"strategy\":{\"type\":\"RollingUpdate\",\"rollingUpdate\":{\"maxUnavailable\":1,\"maxSurge\":1}}}"
                        },
                        "meta": {},
                        "tainted": false
                    },
                    "deposed": [],
                    "provider": ""
                },
                "kubernetes_deployment.ingress-controller": {
                    "type": "kubernetes_deployment",
                    "depends_on": [
                        "kubernetes_namespace.monitoring"
                    ],
                    "primary": {
                        "id": "05091866-fdc7-11e6-abe8-12ad4957e262",
                        "attributes": {
                            "id": "05091866-fdc7-11e6-abe8-12ad4957e262",
                            "labels.%": "1",
                            "labels.k8s-app": "default-http-backend",
                            "name": "ingress-controller",
                            "namespace": "monitoring",
                            "spec": "{\"replicas\":1,\"selector\":{\"matchLabels\":{\"k8s-app\":\"nginx-ingress-controller\"}},\"template\":{\"metadata\":{\"creationTimestamp\":null,\"labels\":{\"k8s-app\":\"nginx-ingress-controller\"}},\"spec\":{\"containers\":[{\"name\":\"nginx-ingress-controller\",\"image\":\"gcr.io/google_containers/nginx-ingress-controller:0.9.0-beta.1\",\"args\":[\"/nginx-ingress-controller\",\"--default-backend-service=$(POD_NAMESPACE)/default-http-backend\"],\"ports\":[{\"hostPort\":80,\"containerPort\":80,\"protocol\":\"TCP\"},{\"hostPort\":443,\"containerPort\":443,\"protocol\":\"TCP\"}],\"env\":[{\"name\":\"POD_NAME\",\"valueFrom\":{\"fieldRef\":{\"apiVersion\":\"v1\",\"fieldPath\":\"metadata.name\"}}},{\"name\":\"POD_NAMESPACE\",\"valueFrom\":{\"fieldRef\":{\"apiVersion\":\"v1\",\"fieldPath\":\"metadata.namespace\"}}}],\"resources\":{},\"livenessProbe\":{\"httpGet\":{\"path\":\"/healthz\",\"port\":10254,\"scheme\":\"HTTP\"},\"initialDelaySeconds\":10,\"timeoutSeconds\":1,\"periodSeconds\":10,\"successThreshold\":1,\"failureThreshold\":3},\"readinessProbe\":{\"httpGet\":{\"path\":\"/healthz\",\"port\":10254,\"scheme\":\"HTTP\"},\"timeoutSeconds\":1,\"periodSeconds\":10,\"successThreshold\":1,\"failureThreshold\":3},\"terminationMessagePath\":\"/dev/termination-log\",\"imagePullPolicy\":\"IfNotPresent\"}],\"restartPolicy\":\"Always\",\"terminationGracePeriodSeconds\":60,\"dnsPolicy\":\"ClusterFirst\",\"securityContext\":{}}},\"strategy\":{\"type\":\"RollingUpdate\",\"rollingUpdate\":{\"maxUnavailable\":1,\"maxSurge\":1}}}"
                        },
                        "meta": {},
                        "tainted": false
                    },
                    "deposed": [],
                    "provider": ""
                },
                "kubernetes_deployment.state-metrics": {
                    "type": "kubernetes_deployment",
                    "depends_on": [
                        "kubernetes_namespace.monitoring"
                    ],
                    "primary": {
                        "id": "04fbfe2f-fdc7-11e6-abe8-12ad4957e262",
                        "attributes": {
                            "id": "04fbfe2f-fdc7-11e6-abe8-12ad4957e262",
                            "labels.%": "2",
                            "labels.app": "kube-state-metrics",
                            "labels.version": "v0.3.0",
                            "name": "state-metrics",
                            "namespace": "monitoring",
                            "spec": "{\"replicas\":1,\"selector\":{\"matchLabels\":{\"app\":\"kube-state-metrics\",\"version\":\"v0.3.0\"}},\"template\":{\"metadata\":{\"creationTimestamp\":null,\"labels\":{\"app\":\"kube-state-metrics\",\"version\":\"v0.3.0\"}},\"spec\":{\"containers\":[{\"name\":\"kube-state-metrics\",\"image\":\"gcr.io/google_containers/kube-state-metrics:v0.3.0\",\"ports\":[{\"containerPort\":8080,\"protocol\":\"TCP\"}],\"resources\":{},\"terminationMessagePath\":\"/dev/termination-log\",\"imagePullPolicy\":\"Always\"}],\"restartPolicy\":\"Always\",\"terminationGracePeriodSeconds\":30,\"dnsPolicy\":\"ClusterFirst\",\"securityContext\":{}}},\"strategy\":{\"type\":\"RollingUpdate\",\"rollingUpdate\":{\"maxUnavailable\":1,\"maxSurge\":1}}}"
                        },
                        "meta": {},
                        "tainted": false
                    },
                    "deposed": [],
                    "provider": ""
                },
                "kubernetes_ingress.monitor": {
                    "type": "kubernetes_ingress",
                    "depends_on": [
                        "kubernetes_namespace.monitoring"
                    ],
                    "primary": {
                        "id": "04fc89c3-fdc7-11e6-abe8-12ad4957e262",
                        "attributes": {
                            "id": "04fc89c3-fdc7-11e6-abe8-12ad4957e262",
                            "labels.%": "0",
                            "name": "monitor",
                            "namespace": "monitoring",
                            "spec": "{\"rules\":[{\"host\":\"prometheus.ijuned.com\",\"http\":{\"paths\":[{\"path\":\"/\",\"backend\":{\"serviceName\":\"prometheus\",\"servicePort\":9090}}]}},{\"host\":\"alertmanager.ijuned.com\",\"http\":{\"paths\":[{\"path\":\"/\",\"backend\":{\"serviceName\":\"alertmanager\",\"servicePort\":9093}}]}},{\"host\":\"grafana.ijuned.com\",\"http\":{\"paths\":[{\"path\":\"/\",\"backend\":{\"serviceName\":\"grafana\",\"servicePort\":3000}}]}}]}"
                        },
                        "meta": {},
                        "tainted": false
                    },
                    "deposed": [],
                    "provider": ""
                },
                "kubernetes_namespace.monitoring": {
                    "type": "kubernetes_namespace",
                    "depends_on": [],
                    "primary": {
                        "id": "04989380-fdc7-11e6-abe8-12ad4957e262",
                        "attributes": {
                            "id": "04989380-fdc7-11e6-abe8-12ad4957e262",
                            "labels.%": "0",
                            "name": "monitoring"
                        },
                        "meta": {},
                        "tainted": false
                    },
                    "deposed": [],
                    "provider": ""
                },
                "kubernetes_service.default-http-backend": {
                    "type": "kubernetes_service",
                    "depends_on": [
                        "kubernetes_namespace.monitoring"
                    ],
                    "primary": {
                        "id": "050e3ada-fdc7-11e6-abe8-12ad4957e262",
                        "attributes": {
                            "id": "050e3ada-fdc7-11e6-abe8-12ad4957e262",
                            "labels.%": "1",
                            "labels.k8s-app": "default-http-backend",
                            "name": "default-http-backend",
                            "namespace": "monitoring",
                            "spec": "{\"ports\":[{\"protocol\":\"TCP\",\"port\":80,\"targetPort\":8080}],\"selector\":{\"k8s-app\":\"default-http-backend\"},\"clusterIP\":\"10.3.0.167\",\"type\":\"ClusterIP\",\"sessionAffinity\":\"None\"}"
                        },
                        "meta": {},
                        "tainted": false
                    },
                    "deposed": [],
                    "provider": ""
                },
                "kubernetes_service.grafana": {
                    "type": "kubernetes_service",
                    "depends_on": [
                        "kubernetes_namespace.monitoring"
                    ],
                    "primary": {
                        "id": "04f34a9e-fdc7-11e6-abe8-12ad4957e262",
                        "attributes": {
                            "id": "04f34a9e-fdc7-11e6-abe8-12ad4957e262",
                            "labels.%": "0",
                            "name": "grafana",
                            "namespace": "monitoring",
                            "spec": "{\"ports\":[{\"name\":\"ui\",\"protocol\":\"TCP\",\"port\":3000,\"targetPort\":3000}],\"selector\":{\"app\":\"grafana\"},\"clusterIP\":\"10.3.0.179\",\"type\":\"ClusterIP\",\"sessionAffinity\":\"None\"}"
                        },
                        "meta": {},
                        "tainted": false
                    },
                    "deposed": [],
                    "provider": ""
                },
                "kubernetes_service.state-metrics": {
                    "type": "kubernetes_service",
                    "depends_on": [
                        "kubernetes_namespace.monitoring"
                    ],
                    "primary": {
                        "id": "04f44a25-fdc7-11e6-abe8-12ad4957e262",
                        "attributes": {
                            "annotations.#": "1",
                            "annotations.0.name": "prometheus.io/scrape",
                            "annotations.0.value": "true",
                            "id": "04f44a25-fdc7-11e6-abe8-12ad4957e262",
                            "labels.%": "0",
                            "name": "state-metrics",
                            "namespace": "monitoring",
                            "spec": "{\"ports\":[{\"name\":\"kube-state-metrics\",\"protocol\":\"TCP\",\"port\":8080,\"targetPort\":8080}],\"selector\":{\"app\":\"kube-state-metrics\"},\"clusterIP\":\"10.3.0.222\",\"type\":\"ClusterIP\",\"sessionAffinity\":\"None\"}"
                        },
                        "meta": {},
                        "tainted": false
                    },
                    "deposed": [],
                    "provider": ""
                }
            },
            "depends_on": []
        }
    ]
}
